
Microsoft Visual Studio Solution File, Format Version 10.00
# Visual Studio 2008
Project("{8BC9CEB8-8B4A-11D0-8D11-00A0C91BC942}") = "Ps2MemoryCard", "Ps2MemoryCard\Ps2MemoryCard.vcproj", "{1B26DFC7-7431-47A1-9B80-9950131E79D1}"
EndProject
Global
	GlobalSection(SolutionConfigurationPlatforms) = preSolution
		Debug|Win32 = Debug|Win32
		Release|Win32 = Release|Win32
	EndGlobalSection
	GlobalSection(ProjectConfigurationPlatforms) = postSolution
		{1B26DFC7-7431-47A1-9B80-9950131E79D1}.Debug|Win32.ActiveCfg = Debug|Win32
		{1B26DFC7-7431-47A1-9B80-9950131E79D1}.Debug|Win32.Build.0 = Debug|Win32
		{1B26DFC7-7431-47A1-9B80-9950131E79D1}.Release|Win32.ActiveCfg = Release|Win32
		{1B26DFC7-7431-47A1-9B80-9950131E79D1}.Release|Win32.Build.0 = Release|Win32
	EndGlobalSection
	GlobalSection(SolutionProperties) = preSolution
		HideSolutionNode = FALSE
	EndGlobalSection
EndGlobal
